
Microsoft Visual Studio Solution File, Format Version 12.00
# Visual Studio Version 17
VisualStudioVersion = 17.10.35027.167
MinimumVisualStudioVersion = 10.0.40219.1
Project("{FAE04EC0-301F-11D3-BF4B-00C04F79EFBC}") = "SmallBasicANN", "SmallBasicANN.csproj", "{4AFB4568-CF26-47FA-8E6E-2EB0D5A0A358}"
EndProject
Project("{FAE04EC0-301F-11D3-BF4B-00C04F79EFBC}") = "TestANN", "TestANN\TestANN.csproj", "{77FE1A82-7CD3-4293-B983-6ADB2E8D4A0F}"
EndProject
Global
	GlobalSection(SolutionConfigurationPlatforms) = preSolution
		Debug|Any CPU = Debug|Any CPU
		Release|Any CPU = Release|Any CPU
	EndGlobalSection
	GlobalSection(ProjectConfigurationPlatforms) = postSolution
		{4AFB4568-CF26-47FA-8E6E-2EB0D5A0A358}.Debug|Any CPU.ActiveCfg = Debug|Any CPU
		{4AFB4568-CF26-47FA-8E6E-2EB0D5A0A358}.Debug|Any CPU.Build.0 = Debug|Any CPU
		{4AFB4568-CF26-47FA-8E6E-2EB0D5A0A358}.Release|Any CPU.ActiveCfg = Release|Any CPU
		{4AFB4568-CF26-47FA-8E6E-2EB0D5A0A358}.Release|Any CPU.Build.0 = Release|Any CPU
		{77FE1A82-7CD3-4293-B983-6ADB2E8D4A0F}.Debug|Any CPU.ActiveCfg = Debug|Any CPU
		{77FE1A82-7CD3-4293-B983-6ADB2E8D4A0F}.Debug|Any CPU.Build.0 = Debug|Any CPU
		{77FE1A82-7CD3-4293-B983-6ADB2E8D4A0F}.Release|Any CPU.ActiveCfg = Release|Any CPU
		{77FE1A82-7CD3-4293-B983-6ADB2E8D4A0F}.Release|Any CPU.Build.0 = Release|Any CPU
	EndGlobalSection
	GlobalSection(SolutionProperties) = preSolution
		HideSolutionNode = FALSE
	EndGlobalSection
EndGlobal
